
Microsoft Visual Studio Solution File, Format Version 12.00
# Visual Studio Version 16
VisualStudioVersion = 16.0.30717.126
MinimumVisualStudioVersion = 10.0.40219.1
Project("{FAE04EC0-301F-11D3-BF4B-00C04F79EFBC}") = "DBMigration", "DBMigration\DBMigration.csproj", "{6EE6206D-37BB-4755-965E-3F67242834CE}"
EndProject
Global
	GlobalSection(SolutionConfigurationPlatforms) = preSolution
		Debug|Any CPU = Debug|Any CPU
		Release|Any CPU = Release|Any CPU
	EndGlobalSection
	GlobalSection(ProjectConfigurationPlatforms) = postSolution
		{6EE6206D-37BB-4755-965E-3F67242834CE}.Debug|Any CPU.ActiveCfg = Debug|Any CPU
		{6EE6206D-37BB-4755-965E-3F67242834CE}.Debug|Any CPU.Build.0 = Debug|Any CPU
		{6EE6206D-37BB-4755-965E-3F67242834CE}.Release|Any CPU.ActiveCfg = Release|Any CPU
		{6EE6206D-37BB-4755-965E-3F67242834CE}.Release|Any CPU.Build.0 = Release|Any CPU
	EndGlobalSection
	GlobalSection(SolutionProperties) = preSolution
		HideSolutionNode = FALSE
	EndGlobalSection
	GlobalSection(ExtensibilityGlobals) = postSolution
		SolutionGuid = {3824A1A6-2F36-4A94-A9E4-195C1B448165}
	EndGlobalSection
EndGlobal
